
Microsoft Visual Studio Solution File, Format Version 12.00
# Visual Studio Version 17
VisualStudioVersion = 17.5.33627.172
MinimumVisualStudioVersion = 10.0.40219.1
Project("{9A19103F-16F7-4668-BE54-9A1E7A4F7556}") = "BlazorApp", "BlazorApp\BlazorApp.csproj", "{69D793A7-D8E7-409F-A603-ED273A3132EE}"
EndProject
Project("{9A19103F-16F7-4668-BE54-9A1E7A4F7556}") = "DataAccessLibrary", "DataAccessLibrary\DataAccessLibrary.csproj", "{CC00DDF0-51FB-4752-B948-C99521FCBB02}"
EndProject
Project("{00D1A9C2-B5F0-4AF3-8072-F6C62B433612}") = "RepairShopDB", "Database\RepairShopDB.sqlproj", "{14AA45CC-FB8D-474C-B494-B1560590EAEA}"
EndProject
Global
	GlobalSection(SolutionConfigurationPlatforms) = preSolution
		Debug|Any CPU = Debug|Any CPU
		Release|Any CPU = Release|Any CPU
	EndGlobalSection
	GlobalSection(ProjectConfigurationPlatforms) = postSolution
		{69D793A7-D8E7-409F-A603-ED273A3132EE}.Debug|Any CPU.ActiveCfg = Debug|Any CPU
		{69D793A7-D8E7-409F-A603-ED273A3132EE}.Debug|Any CPU.Build.0 = Debug|Any CPU
		{69D793A7-D8E7-409F-A603-ED273A3132EE}.Release|Any CPU.ActiveCfg = Release|Any CPU
		{69D793A7-D8E7-409F-A603-ED273A3132EE}.Release|Any CPU.Build.0 = Release|Any CPU
		{CC00DDF0-51FB-4752-B948-C99521FCBB02}.Debug|Any CPU.ActiveCfg = Debug|Any CPU
		{CC00DDF0-51FB-4752-B948-C99521FCBB02}.Debug|Any CPU.Build.0 = Debug|Any CPU
		{CC00DDF0-51FB-4752-B948-C99521FCBB02}.Release|Any CPU.ActiveCfg = Release|Any CPU
		{CC00DDF0-51FB-4752-B948-C99521FCBB02}.Release|Any CPU.Build.0 = Release|Any CPU
		{14AA45CC-FB8D-474C-B494-B1560590EAEA}.Debug|Any CPU.ActiveCfg = Debug|Any CPU
		{14AA45CC-FB8D-474C-B494-B1560590EAEA}.Debug|Any CPU.Build.0 = Debug|Any CPU
		{14AA45CC-FB8D-474C-B494-B1560590EAEA}.Debug|Any CPU.Deploy.0 = Debug|Any CPU
		{14AA45CC-FB8D-474C-B494-B1560590EAEA}.Release|Any CPU.ActiveCfg = Release|Any CPU
		{14AA45CC-FB8D-474C-B494-B1560590EAEA}.Release|Any CPU.Build.0 = Release|Any CPU
		{14AA45CC-FB8D-474C-B494-B1560590EAEA}.Release|Any CPU.Deploy.0 = Release|Any CPU
	EndGlobalSection
	GlobalSection(SolutionProperties) = preSolution
		HideSolutionNode = FALSE
	EndGlobalSection
	GlobalSection(ExtensibilityGlobals) = postSolution
		SolutionGuid = {AE3940B0-FC49-4FD8-A742-A052EFB567F8}
	EndGlobalSection
EndGlobal
